// !$*UTF8*$!
{
	archiveVersion = 1;
	classes = {
	};
	objectVersion = 46;
	objects = {

/* Begin PBXBuildFile section */
		08BBBA5518D1687DBAC2A6EB /* CatARApp.swift in Sources */ = {isa = PBXBuildFile; fileRef = B6E6C779F86F76EBE1675E78 /* CatARApp.swift */; };
		0FF89A25CC377CE4776CBE62 /* CaptureView.swift in Sources */ = {isa = PBXBuildFile; fileRef = F659DAB0CBF4282943C2EA94 /* CaptureView.swift */; };
		150225253B88DB47AD38CE19 /* PhotogrammetryProcessor.swift in Sources */ = {isa = PBXBuildFile; fileRef = BDB689A0A7BDD59F6B59410B /* PhotogrammetryProcessor.swift */; };
		2DB4C35A29D0C806231466B9 /* ARPreviewView.swift in Sources */ = {isa = PBXBuildFile; fileRef = 5263F01C96E0DE8840817633 /* ARPreviewView.swift */; };
		4D1FC1D946E9FF65494EE24B /* Foundation.framework in Frameworks */ = {isa = PBXBuildFile; fileRef = 443686B17899081BAE9E6ADD /* Foundation.framework */; };
		5FA6F68343AE217EC14CBC15 /* RealityKit.framework in Frameworks */ = {isa = PBXBuildFile; fileRef = 262635DCA104E76E3DEBA880 /* RealityKit.framework */; };
		6C9510F62AD152B2ADF24A6A /* ARViewContainer.swift in Sources */ = {isa = PBXBuildFile; fileRef = 35876290EE93716A6DA5BCDD /* ARViewContainer.swift */; };
		6DD6D0074CFB4BE2D2D87284 /* PhotoCaptureManager.swift in Sources */ = {isa = PBXBuildFile; fileRef = 4E53A481B8A0B33ECDD9F8F7 /* PhotoCaptureManager.swift */; };
		943764FCB3104AB61F6077F1 /* ProcessingView.swift in Sources */ = {isa = PBXBuildFile; fileRef = E998D1BBBC7863CE2AF4AA3D /* ProcessingView.swift */; };
		A1DDDE5AB3A3203D9B09E624 /* VideoFrameExtractor.swift in Sources */ = {isa = PBXBuildFile; fileRef = AFCBB2EAF652D284C1BD137F /* VideoFrameExtractor.swift */; };
		A91B9CA326ED694281105003 /* SwiftUI.framework in Frameworks */ = {isa = PBXBuildFile; fileRef = DCA92D4B022B24AD492DD318 /* SwiftUI.framework */; };
		B3B841647DCDAB3D709E38FC /* AVFoundation.framework in Frameworks */ = {isa = PBXBuildFile; fileRef = 4365CEC9AFE1003ECB594AB8 /* AVFoundation.framework */; };
		D752C8F0647CC9217763ABB9 /* ARKit.framework in Frameworks */ = {isa = PBXBuildFile; fileRef = 53A5EF80E00050C8FFBCB242 /* ARKit.framework */; };
		D98D7ECAFDEBCDDC270EED55 /* HomeView.swift in Sources */ = {isa = PBXBuildFile; fileRef = 445F69CE2757AA739C2DBF9C /* HomeView.swift */; };
/* End PBXBuildFile section */

/* Begin PBXFileReference section */
		262635DCA104E76E3DEBA880 /* RealityKit.framework */ = {isa = PBXFileReference; lastKnownFileType = wrapper.framework; name = RealityKit.framework; path = System/Library/Frameworks/RealityKit.framework; sourceTree = "<group>"; };
		35876290EE93716A6DA5BCDD /* ARViewContainer.swift */ = {isa = PBXFileReference; includeInIndex = 1; lastKnownFileType = sourcecode.swift; path = ARViewContainer.swift; sourceTree = "<group>"; };
		4365CEC9AFE1003ECB594AB8 /* AVFoundation.framework */ = {isa = PBXFileReference; lastKnownFileType = wrapper.framework; name = AVFoundation.framework; path = System/Library/Frameworks/AVFoundation.framework; sourceTree = "<group>"; };
		443686B17899081BAE9E6ADD /* Foundation.framework */ = {isa = PBXFileReference; lastKnownFileType = wrapper.framework; name = Foundation.framework; path = Platforms/iPhoneOS.platform/Developer/SDKs/iPhoneOS18.0.sdk/System/Library/Frameworks/Foundation.framework; sourceTree = DEVELOPER_DIR; };
		445F69CE2757AA739C2DBF9C /* HomeView.swift */ = {isa = PBXFileReference; includeInIndex = 1; lastKnownFileType = sourcecode.swift; path = HomeView.swift; sourceTree = "<group>"; };
		4E53A481B8A0B33ECDD9F8F7 /* PhotoCaptureManager.swift */ = {isa = PBXFileReference; includeInIndex = 1; lastKnownFileType = sourcecode.swift; path = PhotoCaptureManager.swift; sourceTree = "<group>"; };
		50133C93372EB7C682061391 /* CatAR.app */ = {isa = PBXFileReference; explicitFileType = wrapper.application; includeInIndex = 0; path = CatAR.app; sourceTree = BUILT_PRODUCTS_DIR; };
		5263F01C96E0DE8840817633 /* ARPreviewView.swift */ = {isa = PBXFileReference; includeInIndex = 1; lastKnownFileType = sourcecode.swift; path = ARPreviewView.swift; sourceTree = "<group>"; };
		53A5EF80E00050C8FFBCB242 /* ARKit.framework */ = {isa = PBXFileReference; lastKnownFileType = wrapper.framework; name = ARKit.framework; path = System/Library/Frameworks/ARKit.framework; sourceTree = "<group>"; };
		AFCBB2EAF652D284C1BD137F /* VideoFrameExtractor.swift */ = {isa = PBXFileReference; includeInIndex = 1; lastKnownFileType = sourcecode.swift; path = VideoFrameExtractor.swift; sourceTree = "<group>"; };
		B6E6C779F86F76EBE1675E78 /* CatARApp.swift */ = {isa = PBXFileReference; includeInIndex = 1; lastKnownFileType = sourcecode.swift; path = CatARApp.swift; sourceTree = "<group>"; };
		BA06CC8060AC0775E0CAB431 /* Info.plist */ = {isa = PBXFileReference; includeInIndex = 1; lastKnownFileType = text.plist.xml; path = Info.plist; sourceTree = "<group>"; };
		BDB689A0A7BDD59F6B59410B /* PhotogrammetryProcessor.swift */ = {isa = PBXFileReference; includeInIndex = 1; lastKnownFileType = sourcecode.swift; path = PhotogrammetryProcessor.swift; sourceTree = "<group>"; };
		DCA92D4B022B24AD492DD318 /* SwiftUI.framework */ = {isa = PBXFileReference; lastKnownFileType = wrapper.framework; name = SwiftUI.framework; path = System/Library/Frameworks/SwiftUI.framework; sourceTree = "<group>"; };
		E998D1BBBC7863CE2AF4AA3D /* ProcessingView.swift */ = {isa = PBXFileReference; includeInIndex = 1; lastKnownFileType = sourcecode.swift; path = ProcessingView.swift; sourceTree = "<group>"; };
		F659DAB0CBF4282943C2EA94 /* CaptureView.swift */ = {isa = PBXFileReference; includeInIndex = 1; lastKnownFileType = sourcecode.swift; path = CaptureView.swift; sourceTree = "<group>"; };
/* End PBXFileReference section */

/* Begin PBXFrameworksBuildPhase section */
		D7972E9937BB6C1EAD2D7E4D /* Frameworks */ = {
			isa = PBXFrameworksBuildPhase;
			buildActionMask = 2147483647;
			files = (
				4D1FC1D946E9FF65494EE24B /* Foundation.framework in Frameworks */,
				D752C8F0647CC9217763ABB9 /* ARKit.framework in Frameworks */,
				5FA6F68343AE217EC14CBC15 /* RealityKit.framework in Frameworks */,
				B3B841647DCDAB3D709E38FC /* AVFoundation.framework in Frameworks */,
				A91B9CA326ED694281105003 /* SwiftUI.framework in Frameworks */,
			);
			runOnlyForDeploymentPostprocessing = 0;
		};
/* End PBXFrameworksBuildPhase section */

/* Begin PBXGroup section */
		3554D8399524243003732C85 /* Products */ = {
			isa = PBXGroup;
			children = (
				50133C93372EB7C682061391 /* CatAR.app */,
			);
			name = Products;
			sourceTree = "<group>";
		};
		363575AF39AD5E3AD385B0EB /* Views */ = {
			isa = PBXGroup;
			children = (
				445F69CE2757AA739C2DBF9C /* HomeView.swift */,
				5263F01C96E0DE8840817633 /* ARPreviewView.swift */,
				E998D1BBBC7863CE2AF4AA3D /* ProcessingView.swift */,
				F659DAB0CBF4282943C2EA94 /* CaptureView.swift */,
			);
			name = Views;
			path = Views;
			sourceTree = "<group>";
		};
		389B7C73BAA830B32BEEF901 /* Frameworks */ = {
			isa = PBXGroup;
			children = (
				56485526DF95AF563E3C552F /* iOS */,
			);
			name = Frameworks;
			sourceTree = "<group>";
		};
		56485526DF95AF563E3C552F /* iOS */ = {
			isa = PBXGroup;
			children = (
				443686B17899081BAE9E6ADD /* Foundation.framework */,
			);
			name = iOS;
			sourceTree = "<group>";
		};
		5D8A54402FEE7365728249FB /* Resources */ = {
			isa = PBXGroup;
			children = (
			);
			name = Resources;
			path = Resources;
			sourceTree = "<group>";
		};
		7700C5F22E2F13C85636CBAD /* AR */ = {
			isa = PBXGroup;
			children = (
				35876290EE93716A6DA5BCDD /* ARViewContainer.swift */,
			);
			name = AR;
			path = AR;
			sourceTree = "<group>";
		};
		94A0CAB8B44CFE60D3FE8EBF /* CatAR */ = {
			isa = PBXGroup;
			children = (
				B6E6C779F86F76EBE1675E78 /* CatARApp.swift */,
				5D8A54402FEE7365728249FB /* Resources */,
				99128D322565C3F69DD32672 /* Managers */,
				7700C5F22E2F13C85636CBAD /* AR */,
				363575AF39AD5E3AD385B0EB /* Views */,
				BA06CC8060AC0775E0CAB431 /* Info.plist */,
			);
			name = CatAR;
			path = CatAR;
			sourceTree = "<group>";
		};
		99128D322565C3F69DD32672 /* Managers */ = {
			isa = PBXGroup;
			children = (
				AFCBB2EAF652D284C1BD137F /* VideoFrameExtractor.swift */,
				BDB689A0A7BDD59F6B59410B /* PhotogrammetryProcessor.swift */,
				4E53A481B8A0B33ECDD9F8F7 /* PhotoCaptureManager.swift */,
			);
			name = Managers;
			path = Managers;
			sourceTree = "<group>";
		};
		9AC3EC7C0CEE9B54202348DF /* Frameworks */ = {
			isa = PBXGroup;
			children = (
				53A5EF80E00050C8FFBCB242 /* ARKit.framework */,
				262635DCA104E76E3DEBA880 /* RealityKit.framework */,
				4365CEC9AFE1003ECB594AB8 /* AVFoundation.framework */,
				DCA92D4B022B24AD492DD318 /* SwiftUI.framework */,
			);
			name = Frameworks;
			sourceTree = "<group>";
		};
		B5C77957372407AF8F60896B = {
			isa = PBXGroup;
			children = (
				3554D8399524243003732C85 /* Products */,
				389B7C73BAA830B32BEEF901 /* Frameworks */,
				94A0CAB8B44CFE60D3FE8EBF /* CatAR */,
				9AC3EC7C0CEE9B54202348DF /* Frameworks */,
			);
			sourceTree = "<group>";
		};
/* End PBXGroup section */

/* Begin PBXNativeTarget section */
		1274FA22E40A365FC84840B7 /* CatAR */ = {
			isa = PBXNativeTarget;
			buildConfigurationList = 6A707F4471CDEF6B5B0576A1 /* Build configuration list for PBXNativeTarget "CatAR" */;
			buildPhases = (
				89119B250AE320C8CE106874 /* Sources */,
				D7972E9937BB6C1EAD2D7E4D /* Frameworks */,
				094EF13DF3CB113DF279DF5B /* Resources */,
			);
			buildRules = (
			);
			dependencies = (
			);
			name = CatAR;
			productName = CatAR;
			productReference = 50133C93372EB7C682061391 /* CatAR.app */;
			productType = "com.apple.product-type.application";
		};
/* End PBXNativeTarget section */

/* Begin PBXProject section */
		BC25AEE76A30E717A7CE8072 /* Project object */ = {
			isa = PBXProject;
			attributes = {
				LastSwiftUpdateCheck = 1600;
				LastUpgradeCheck = 1600;
			};
			buildConfigurationList = B34040374F6716E49331A695 /* Build configuration list for PBXProject "CatAR" */;
			compatibilityVersion = "Xcode 3.2";
			developmentRegion = en;
			hasScannedForEncodings = 0;
			knownRegions = (
				en,
				Base,
			);
			mainGroup = B5C77957372407AF8F60896B;
			minimizedProjectReferenceProxies = 0;
			preferredProjectObjectVersion = 77;
			productRefGroup = 3554D8399524243003732C85 /* Products */;
			projectDirPath = "";
			projectRoot = "";
			targets = (
				1274FA22E40A365FC84840B7 /* CatAR */,
			);
		};
/* End PBXProject section */

/* Begin PBXResourcesBuildPhase section */
		094EF13DF3CB113DF279DF5B /* Resources */ = {
			isa = PBXResourcesBuildPhase;
			buildActionMask = 2147483647;
			files = (
			);
			runOnlyForDeploymentPostprocessing = 0;
		};
/* End PBXResourcesBuildPhase section */

/* Begin PBXSourcesBuildPhase section */
		89119B250AE320C8CE106874 /* Sources */ = {
			isa = PBXSourcesBuildPhase;
			buildActionMask = 2147483647;
			files = (
				08BBBA5518D1687DBAC2A6EB /* CatARApp.swift in Sources */,
				A1DDDE5AB3A3203D9B09E624 /* VideoFrameExtractor.swift in Sources */,
				150225253B88DB47AD38CE19 /* PhotogrammetryProcessor.swift in Sources */,
				6DD6D0074CFB4BE2D2D87284 /* PhotoCaptureManager.swift in Sources */,
				6C9510F62AD152B2ADF24A6A /* ARViewContainer.swift in Sources */,
				D98D7ECAFDEBCDDC270EED55 /* HomeView.swift in Sources */,
				2DB4C35A29D0C806231466B9 /* ARPreviewView.swift in Sources */,
				943764FCB3104AB61F6077F1 /* ProcessingView.swift in Sources */,
				0FF89A25CC377CE4776CBE62 /* CaptureView.swift in Sources */,
			);
			runOnlyForDeploymentPostprocessing = 0;
		};
/* End PBXSourcesBuildPhase section */

/* Begin XCBuildConfiguration section */
		2C684FCD8B6488D45DA3704B /* Debug */ = {
			isa = XCBuildConfiguration;
			buildSettings = {
				ALWAYS_SEARCH_USER_PATHS = NO;
				CLANG_ANALYZER_NONNULL = YES;
				CLANG_ANALYZER_NUMBER_OBJECT_CONVERSION = YES_AGGRESSIVE;
				CLANG_CXX_LANGUAGE_STANDARD = "gnu++14";
				CLANG_CXX_LIBRARY = "libc++";
				CLANG_ENABLE_MODULES = YES;
				CLANG_ENABLE_OBJC_ARC = YES;
				CLANG_ENABLE_OBJC_WEAK = YES;
				CLANG_WARN_BLOCK_CAPTURE_AUTORELEASING = YES;
				CLANG_WARN_BOOL_CONVERSION = YES;
				CLANG_WARN_COMMA = YES;
				CLANG_WARN_CONSTANT_CONVERSION = YES;
				CLANG_WARN_DEPRECATED_OBJC_IMPLEMENTATIONS = YES;
				CLANG_WARN_DIRECT_OBJC_ISA_USAGE = YES_ERROR;
				CLANG_WARN_DOCUMENTATION_COMMENTS = YES;
				CLANG_WARN_EMPTY_BODY = YES;
				CLANG_WARN_ENUM_CONVERSION = YES;
				CLANG_WARN_INFINITE_RECURSION = YES;
				CLANG_WARN_INT_CONVERSION = YES;
				CLANG_WARN_NON_LITERAL_NULL_CONVERSION = YES;
				CLANG_WARN_OBJC_IMPLICIT_RETAIN_SELF = YES;
				CLANG_WARN_OBJC_LITERAL_CONVERSION = YES;
				CLANG_WARN_OBJC_ROOT_CLASS = YES_ERROR;
				CLANG_WARN_QUOTED_INCLUDE_IN_FRAMEWORK_HEADER = YES;
				CLANG_WARN_RANGE_LOOP_ANALYSIS = YES;
				CLANG_WARN_STRICT_PROTOTYPES = YES;
				CLANG_WARN_SUSPICIOUS_MOVE = YES;
				CLANG_WARN_UNGUARDED_AVAILABILITY = YES_AGGRESSIVE;
				CLANG_WARN_UNREACHABLE_CODE = YES;
				CLANG_WARN__DUPLICATE_METHOD_MATCH = YES;
				COPY_PHASE_STRIP = NO;
				DEBUG_INFORMATION_FORMAT = dwarf;
				ENABLE_STRICT_OBJC_MSGSEND = YES;
				ENABLE_TESTABILITY = YES;
				GCC_C_LANGUAGE_STANDARD = gnu11;
				GCC_DYNAMIC_NO_PIC = NO;
				GCC_NO_COMMON_BLOCKS = YES;
				GCC_OPTIMIZATION_LEVEL = 0;
				GCC_PREPROCESSOR_DEFINITIONS = (
					"DEBUG=1",
					"$(inherited)",
				);
				GCC_WARN_64_TO_32_BIT_CONVERSION = YES;
				GCC_WARN_ABOUT_RETURN_TYPE = YES_ERROR;
				GCC_WARN_UNDECLARED_SELECTOR = YES;
				GCC_WARN_UNINITIALIZED_AUTOS = YES_AGGRESSIVE;
				GCC_WARN_UNUSED_FUNCTION = YES;
				GCC_WARN_UNUSED_VARIABLE = YES;
				MTL_ENABLE_DEBUG_INFO = INCLUDE_SOURCE;
				MTL_FAST_MATH = YES;
				ONLY_ACTIVE_ARCH = YES;
				PRODUCT_NAME = "$(TARGET_NAME)";
				SWIFT_ACTIVE_COMPILATION_CONDITIONS = DEBUG;
				SWIFT_OPTIMIZATION_LEVEL = "-Onone";
				SWIFT_VERSION = 5.0;
			};
			name = Debug;
		};
		64E7FF054C9A36A235A1894B /* Release */ = {
			isa = XCBuildConfiguration;
			buildSettings = {
				ALWAYS_SEARCH_USER_PATHS = NO;
				CLANG_ANALYZER_NONNULL = YES;
				CLANG_ANALYZER_NUMBER_OBJECT_CONVERSION = YES_AGGRESSIVE;
				CLANG_CXX_LANGUAGE_STANDARD = "gnu++14";
				CLANG_CXX_LIBRARY = "libc++";
				CLANG_ENABLE_MODULES = YES;
				CLANG_ENABLE_OBJC_ARC = YES;
				CLANG_ENABLE_OBJC_WEAK = YES;
				CLANG_WARN_BLOCK_CAPTURE_AUTORELEASING = YES;
				CLANG_WARN_BOOL_CONVERSION = YES;
				CLANG_WARN_COMMA = YES;
				CLANG_WARN_CONSTANT_CONVERSION = YES;
				CLANG_WARN_DEPRECATED_OBJC_IMPLEMENTATIONS = YES;
				CLANG_WARN_DIRECT_OBJC_ISA_USAGE = YES_ERROR;
				CLANG_WARN_DOCUMENTATION_COMMENTS = YES;
				CLANG_WARN_EMPTY_BODY = YES;
				CLANG_WARN_ENUM_CONVERSION = YES;
				CLANG_WARN_INFINITE_RECURSION = YES;
				CLANG_WARN_INT_CONVERSION = YES;
				CLANG_WARN_NON_LITERAL_NULL_CONVERSION = YES;
				CLANG_WARN_OBJC_IMPLICIT_RETAIN_SELF = YES;
				CLANG_WARN_OBJC_LITERAL_CONVERSION = YES;
				CLANG_WARN_OBJC_ROOT_CLASS = YES_ERROR;
				CLANG_WARN_QUOTED_INCLUDE_IN_FRAMEWORK_HEADER = YES;
				CLANG_WARN_RANGE_LOOP_ANALYSIS = YES;
				CLANG_WARN_STRICT_PROTOTYPES = YES;
				CLANG_WARN_SUSPICIOUS_MOVE = YES;
				CLANG_WARN_UNGUARDED_AVAILABILITY = YES_AGGRESSIVE;
				CLANG_WARN_UNREACHABLE_CODE = YES;
				CLANG_WARN__DUPLICATE_METHOD_MATCH = YES;
				COPY_PHASE_STRIP = NO;
				DEBUG_INFORMATION_FORMAT = "dwarf-with-dsym";
				ENABLE_NS_ASSERTIONS = NO;
				ENABLE_STRICT_OBJC_MSGSEND = YES;
				GCC_C_LANGUAGE_STANDARD = gnu11;
				GCC_NO_COMMON_BLOCKS = YES;
				GCC_WARN_64_TO_32_BIT_CONVERSION = YES;
				GCC_WARN_ABOUT_RETURN_TYPE = YES_ERROR;
				GCC_WARN_UNDECLARED_SELECTOR = YES;
				GCC_WARN_UNINITIALIZED_AUTOS = YES_AGGRESSIVE;
				GCC_WARN_UNUSED_FUNCTION = YES;
				GCC_WARN_UNUSED_VARIABLE = YES;
				MTL_ENABLE_DEBUG_INFO = NO;
				MTL_FAST_MATH = YES;
				PRODUCT_NAME = "$(TARGET_NAME)";
				SWIFT_COMPILATION_MODE = wholemodule;
				SWIFT_OPTIMIZATION_LEVEL = "-O";
				SWIFT_VERSION = 5.0;
			};
			name = Release;
		};
		6BD9559C18D55872586418B0 /* Release */ = {
			isa = XCBuildConfiguration;
			buildSettings = {
				ASSETCATALOG_COMPILER_APPICON_NAME = AppIcon;
				ASSETCATALOG_COMPILER_GLOBAL_ACCENT_COLOR_NAME = AccentColor;
				CLANG_ENABLE_OBJC_WEAK = NO;
				CODE_SIGN_STYLE = Automatic;
				DEVELOPMENT_TEAM = ATV2866HFQ;
				GENERATE_INFOPLIST_FILE = NO;
				INFOPLIST_FILE = CatAR/Info.plist;
				IPHONEOS_DEPLOYMENT_TARGET = 18.0;
				LD_RUNPATH_SEARCH_PATHS = "$(inherited) @executable_path/Frameworks";
				PRODUCT_BUNDLE_IDENTIFIER = com.catapp.CatAR;
				SDKROOT = iphoneos;
				SWIFT_VERSION = 6.0;
				TARGETED_DEVICE_FAMILY = "1,2";
				VALIDATE_PRODUCT = YES;
			};
			name = Release;
		};
		746B008C08B26401CE5DA6FD /* Debug */ = {
			isa = XCBuildConfiguration;
			buildSettings = {
				ASSETCATALOG_COMPILER_APPICON_NAME = AppIcon;
				ASSETCATALOG_COMPILER_GLOBAL_ACCENT_COLOR_NAME = AccentColor;
				CLANG_ENABLE_OBJC_WEAK = NO;
				CODE_SIGN_STYLE = Automatic;
				DEVELOPMENT_TEAM = ATV2866HFQ;
				GENERATE_INFOPLIST_FILE = NO;
				INFOPLIST_FILE = CatAR/Info.plist;
				IPHONEOS_DEPLOYMENT_TARGET = 18.0;
				LD_RUNPATH_SEARCH_PATHS = "$(inherited) @executable_path/Frameworks";
				PRODUCT_BUNDLE_IDENTIFIER = com.catapp.CatAR;
				SDKROOT = iphoneos;
				SWIFT_VERSION = 6.0;
				TARGETED_DEVICE_FAMILY = "1,2";
			};
			name = Debug;
		};
/* End XCBuildConfiguration section */

/* Begin XCConfigurationList section */
		6A707F4471CDEF6B5B0576A1 /* Build configuration list for PBXNativeTarget "CatAR" */ = {
			isa = XCConfigurationList;
			buildConfigurations = (
				6BD9559C18D55872586418B0 /* Release */,
				746B008C08B26401CE5DA6FD /* Debug */,
			);
			defaultConfigurationIsVisible = 0;
			defaultConfigurationName = Release;
		};
		B34040374F6716E49331A695 /* Build configuration list for PBXProject "CatAR" */ = {
			isa = XCConfigurationList;
			buildConfigurations = (
				2C684FCD8B6488D45DA3704B /* Debug */,
				64E7FF054C9A36A235A1894B /* Release */,
			);
			defaultConfigurationIsVisible = 0;
			defaultConfigurationName = Release;
		};
/* End XCConfigurationList section */
	};
	rootObject = BC25AEE76A30E717A7CE8072 /* Project object */;
}
